
Microsoft Visual Studio Solution File, Format Version 12.00
# Visual Studio Version 17
VisualStudioVersion = 17.13.35818.85
MinimumVisualStudioVersion = 10.0.40219.1
Project("{FAE04EC0-301F-11D3-BF4B-00C04F79EFBC}") = "BuildPropertyCapture.SourceGenerator", "BuildPropertyCapture.SourceGenerator\BuildPropertyCapture.SourceGenerator.csproj", "{E52C92B9-4740-4A22-AB78-1E33BBA5EF34}"
EndProject
Project("{FAE04EC0-301F-11D3-BF4B-00C04F79EFBC}") = "BuildPropertyCapture", "BuildPropertyCapture\BuildPropertyCapture.csproj", "{413F496F-1311-4F15-B022-E990BE3B009C}"
EndProject
Project("{FAE04EC0-301F-11D3-BF4B-00C04F79EFBC}") = "Sample", "Sample\Sample.csproj", "{85B36ACD-DA18-4791-A40E-AA5CF54EAAA8}"
EndProject
Project("{2150E333-8FDC-42A3-9474-1A3956D46DE8}") = "Solution", "Solution", "{9C58CEEB-AF55-4A87-830A-E4A841EEC971}"
	ProjectSection(SolutionItems) = preProject
		readme.md = readme.md
	EndProjectSection
EndProject
Project("{FAE04EC0-301F-11D3-BF4B-00C04F79EFBC}") = "Sample.Maui", "Sample.Maui\Sample.Maui.csproj", "{2CA43F77-3B65-4943-9B8E-36CAA2E94079}"
EndProject
Project("{FAE04EC0-301F-11D3-BF4B-00C04F79EFBC}") = "BuildPropertyCapture.Tests", "BuildPropertyCapture.Tests\BuildPropertyCapture.Tests.csproj", "{3CCB06AF-B3DC-4430-9FB9-D9138B5B20B3}"
EndProject
Global
	GlobalSection(SolutionConfigurationPlatforms) = preSolution
		Debug|Any CPU = Debug|Any CPU
		Release|Any CPU = Release|Any CPU
	EndGlobalSection
	GlobalSection(ProjectConfigurationPlatforms) = postSolution
		{E52C92B9-4740-4A22-AB78-1E33BBA5EF34}.Debug|Any CPU.ActiveCfg = Debug|Any CPU
		{E52C92B9-4740-4A22-AB78-1E33BBA5EF34}.Debug|Any CPU.Build.0 = Debug|Any CPU
		{E52C92B9-4740-4A22-AB78-1E33BBA5EF34}.Release|Any CPU.ActiveCfg = Release|Any CPU
		{E52C92B9-4740-4A22-AB78-1E33BBA5EF34}.Release|Any CPU.Build.0 = Release|Any CPU
		{413F496F-1311-4F15-B022-E990BE3B009C}.Debug|Any CPU.ActiveCfg = Debug|Any CPU
		{413F496F-1311-4F15-B022-E990BE3B009C}.Debug|Any CPU.Build.0 = Debug|Any CPU
		{413F496F-1311-4F15-B022-E990BE3B009C}.Release|Any CPU.ActiveCfg = Release|Any CPU
		{413F496F-1311-4F15-B022-E990BE3B009C}.Release|Any CPU.Build.0 = Release|Any CPU
		{85B36ACD-DA18-4791-A40E-AA5CF54EAAA8}.Debug|Any CPU.ActiveCfg = Debug|Any CPU
		{85B36ACD-DA18-4791-A40E-AA5CF54EAAA8}.Debug|Any CPU.Build.0 = Debug|Any CPU
		{85B36ACD-DA18-4791-A40E-AA5CF54EAAA8}.Release|Any CPU.ActiveCfg = Release|Any CPU
		{85B36ACD-DA18-4791-A40E-AA5CF54EAAA8}.Release|Any CPU.Build.0 = Release|Any CPU
		{2CA43F77-3B65-4943-9B8E-36CAA2E94079}.Debug|Any CPU.ActiveCfg = Debug|Any CPU
		{2CA43F77-3B65-4943-9B8E-36CAA2E94079}.Debug|Any CPU.Build.0 = Debug|Any CPU
		{2CA43F77-3B65-4943-9B8E-36CAA2E94079}.Release|Any CPU.ActiveCfg = Release|Any CPU
		{2CA43F77-3B65-4943-9B8E-36CAA2E94079}.Release|Any CPU.Build.0 = Release|Any CPU
		{3CCB06AF-B3DC-4430-9FB9-D9138B5B20B3}.Debug|Any CPU.ActiveCfg = Debug|Any CPU
		{3CCB06AF-B3DC-4430-9FB9-D9138B5B20B3}.Debug|Any CPU.Build.0 = Debug|Any CPU
		{3CCB06AF-B3DC-4430-9FB9-D9138B5B20B3}.Release|Any CPU.ActiveCfg = Release|Any CPU
		{3CCB06AF-B3DC-4430-9FB9-D9138B5B20B3}.Release|Any CPU.Build.0 = Release|Any CPU
	EndGlobalSection
	GlobalSection(SolutionProperties) = preSolution
		HideSolutionNode = FALSE
	EndGlobalSection
	GlobalSection(ExtensibilityGlobals) = postSolution
		SolutionGuid = {2F8C013F-E0C5-4454-B7F7-A6D4166E529D}
	EndGlobalSection
	GlobalSection(NestedProjects) = preSolution
	EndGlobalSection
EndGlobal
